using NUnit.Framework;
using OpenQA.Selenium;
using OpenQA.Selenium.Chrome;
using System;

namespace GoogleSearch
{

    class SearchTest
    {
        IWebDriver driver;
    
        [SetUp]
        public void startBrowser()
        {
            driver = new ChromeDriver("C:\\Program Files (x86)\\Google\\Chrome\\Application");
        }

        [Test]
        public void test()
        {
            driver.Url = "http://www.google.com";

            driver.Manage().Window.Maximize();

            //Select the Search Box
            IWebElement searchBox = driver.FindElement(By.XPath("//input[@name='q']"));

            //Search parametar
            searchBox.SendKeys("Mitto CH");

            //Search action
            driver.FindElement(By.XPath("//input[@name='q']")).SendKeys(Keys.Return);

            //Visit the first page result
            driver.FindElement(By.XPath("//*[@id='rso']/div[1]/div/div/div[1]/a/h3")).Click();

            //Get the title of the page
            String title = driver.Title;

            //Confirm page title
            Assert.AreEqual("Mitto | Advanced customer engagement technology built for the agile enterprise | Mitto", title);

        }

        [TearDown]
        public void closeBrowser()
        {
            driver.Close();
        }
        

    }
}
